
Microsoft Visual Studio Solution File, Format Version 12.00
# Visual Studio 15
VisualStudioVersion = 15.0.27130.2024
MinimumVisualStudioVersion = 10.0.40219.1
Project("{8BC9CEB8-8B4A-11D0-8D11-00A0C91BC942}") = "arkham", "arkham\arkham.vcxproj", "{5C3C4080-A857-44F0-A4D9-D0F54C4D75DF}"
EndProject
Global
	GlobalSection(SolutionConfigurationPlatforms) = preSolution
		Debug|x64 = Debug|x64
		Debug|x86 = Debug|x86
		Release|x64 = Release|x64
		Release|x86 = Release|x86
	EndGlobalSection
	GlobalSection(ProjectConfigurationPlatforms) = postSolution
		{5C3C4080-A857-44F0-A4D9-D0F54C4D75DF}.Debug|x64.ActiveCfg = Debug|x64
		{5C3C4080-A857-44F0-A4D9-D0F54C4D75DF}.Debug|x64.Build.0 = Debug|x64
		{5C3C4080-A857-44F0-A4D9-D0F54C4D75DF}.Debug|x86.ActiveCfg = Debug|Win32
		{5C3C4080-A857-44F0-A4D9-D0F54C4D75DF}.Debug|x86.Build.0 = Debug|Win32
		{5C3C4080-A857-44F0-A4D9-D0F54C4D75DF}.Release|x64.ActiveCfg = Release|x64
		{5C3C4080-A857-44F0-A4D9-D0F54C4D75DF}.Release|x64.Build.0 = Release|x64
		{5C3C4080-A857-44F0-A4D9-D0F54C4D75DF}.Release|x86.ActiveCfg = Release|Win32
		{5C3C4080-A857-44F0-A4D9-D0F54C4D75DF}.Release|x86.Build.0 = Release|Win32
	EndGlobalSection
	GlobalSection(SolutionProperties) = preSolution
		HideSolutionNode = FALSE
	EndGlobalSection
	GlobalSection(ExtensibilityGlobals) = postSolution
		SolutionGuid = {0C8BA72C-C124-4D7F-9384-0AD9A91E3230}
	EndGlobalSection
EndGlobal
